{
  "name": "one-time-pad-es6",
  "version": "0.9.0",
  "lockfileVersion": 1,
  "requires": true,
  "dependencies": {
    "ab2b64": {
      "version": "0.9.0",
      "resolved": "https://registry.npmjs.org/ab2b64/-/ab2b64-0.9.0.tgz",
      "integrity": "sha512-Kr0v5jFM7kk1cDSqIJih+tiGm+FgSgW8TPivQJ0dukZrg1ASTb/x9lW8LjjofBUif5912cdlPWIgbKMx8LbzWQ=="
    }
  }
}
