{
  "name": "one-time-pad-es6",
  "version": "0.9.0",
  "lockfileVersion": 1,
  "requires": true,
  "dependencies": {
    "ab2b64": {
      "version": "0.9.1",
      "resolved": "https://registry.npmjs.org/ab2b64/-/ab2b64-0.9.1.tgz",
      "integrity": "sha512-Th4b5p/VHmuzo9qXMXh+lvIH6bbtHNzeP3UZA2uwRKYsXPY1s3UXVdgAct0bSNqGGQUBMaNlb3UZgla9wSF73A=="
    }
  }
}
